
Microsoft Visual Studio Solution File, Format Version 12.00
# Visual Studio Version 17
VisualStudioVersion = 17.9.34728.123
MinimumVisualStudioVersion = 10.0.40219.1
Project("{2150E333-8FDC-42A3-9474-1A3956D46DE8}") = "src", "src", "{1C8DC44F-2767-4A7B-9052-E3E43AD31B05}"
EndProject
Project("{2150E333-8FDC-42A3-9474-1A3956D46DE8}") = "BuildingBlocks", "BuildingBlocks", "{D01FAF77-9003-4222-9C71-9C31DE33324C}"
EndProject
Project("{2150E333-8FDC-42A3-9474-1A3956D46DE8}") = "Services", "Services", "{766721C7-B9E3-4808-A756-2A88493F4B1A}"
EndProject
Project("{2150E333-8FDC-42A3-9474-1A3956D46DE8}") = "Web", "Web", "{9D174DB5-C01C-495D-B05A-CAE153C7B1CA}"
EndProject
Project("{2150E333-8FDC-42A3-9474-1A3956D46DE8}") = "Identidade", "Identidade", "{08BF8A44-4906-411A-A839-215DAB98D295}"
EndProject
Project("{FAE04EC0-301F-11D3-BF4B-00C04F79EFBC}") = "ModelStore.Identidade.API", "src\services\ModelStore.Identidade.API\ModelStore.Identidade.API.csproj", "{765050E5-8F6B-4E96-A676-E13DC4CE8C59}"
EndProject
Project("{2150E333-8FDC-42A3-9474-1A3956D46DE8}") = "MVC", "MVC", "{E9D2D3D9-A501-42A4-A21F-68E4BC596955}"
EndProject
Project("{2150E333-8FDC-42A3-9474-1A3956D46DE8}") = "Core", "Core", "{A6FC10BB-6264-47F8-8582-1FFDBBBA7846}"
EndProject
Project("{FAE04EC0-301F-11D3-BF4B-00C04F79EFBC}") = "ModelStore.Core", "src\building blocks\ModelStore.Core\ModelStore.Core.csproj", "{E81D5080-FDEE-4654-ABAA-77D8BF244275}"
EndProject
Project("{FAE04EC0-301F-11D3-BF4B-00C04F79EFBC}") = "ModelStore.WebApp.MVC", "src\web\ModelStore.WebApp.MVC\ModelStore.WebApp.MVC.csproj", "{0D46EA91-13E5-4DD5-BC13-74F5DB20B561}"
EndProject
Project("{2150E333-8FDC-42A3-9474-1A3956D46DE8}") = "Carrinho", "Carrinho", "{C78FEF48-5251-49C9-81DA-CE64520190BD}"
EndProject
Project("{2150E333-8FDC-42A3-9474-1A3956D46DE8}") = "Catalogo", "Catalogo", "{7F6D993C-7377-4896-BEBF-E90CA28956F6}"
EndProject
Project("{2150E333-8FDC-42A3-9474-1A3956D46DE8}") = "Cliente", "Cliente", "{E9C61EE3-D924-463D-8DB8-62BA5D26121C}"
EndProject
Project("{2150E333-8FDC-42A3-9474-1A3956D46DE8}") = "Pagamento", "Pagamento", "{C59EE879-E2CB-40A4-BE35-7A17245F9CE7}"
EndProject
Project("{2150E333-8FDC-42A3-9474-1A3956D46DE8}") = "Pedido", "Pedido", "{AABC1FC8-70CD-47E9-81CC-DE2D2E32569B}"
EndProject
Project("{FAE04EC0-301F-11D3-BF4B-00C04F79EFBC}") = "ModelStore.Carrinho.API", "src\services\ModelStore.Carrinho.API\ModelStore.Carrinho.API.csproj", "{4AAFBA2D-B9CB-4FF7-9952-24D81045AEC0}"
EndProject
Project("{FAE04EC0-301F-11D3-BF4B-00C04F79EFBC}") = "ModelStore.Catalogo.API", "src\services\ModelStore.Catalogo.API\ModelStore.Catalogo.API.csproj", "{7AF61C0B-ADC2-414F-B561-E4BA163D71FA}"
EndProject
Project("{FAE04EC0-301F-11D3-BF4B-00C04F79EFBC}") = "ModelStore.Cliente.API", "src\services\ModelStore.Cliente.API\ModelStore.Cliente.API.csproj", "{D84D29B7-8000-4DDF-BEEC-70FF71DC3744}"
EndProject
Project("{FAE04EC0-301F-11D3-BF4B-00C04F79EFBC}") = "ModelStore.Pagamento.API", "src\services\ModelStore.Pagamento.API\ModelStore.Pagamento.API.csproj", "{20932C40-6CEB-48A8-8777-0B4D5BA8F2E3}"
EndProject
Project("{FAE04EC0-301F-11D3-BF4B-00C04F79EFBC}") = "ModelStore.Pedido.API", "src\services\ModelStore.Pedido.API\ModelStore.Pedido.API.csproj", "{2698D15F-2C67-442D-B0C5-BCAB8DBE67B8}"
EndProject
Global
	GlobalSection(SolutionConfigurationPlatforms) = preSolution
		Debug|Any CPU = Debug|Any CPU
		Release|Any CPU = Release|Any CPU
	EndGlobalSection
	GlobalSection(ProjectConfigurationPlatforms) = postSolution
		{765050E5-8F6B-4E96-A676-E13DC4CE8C59}.Debug|Any CPU.ActiveCfg = Debug|Any CPU
		{765050E5-8F6B-4E96-A676-E13DC4CE8C59}.Debug|Any CPU.Build.0 = Debug|Any CPU
		{765050E5-8F6B-4E96-A676-E13DC4CE8C59}.Release|Any CPU.ActiveCfg = Release|Any CPU
		{765050E5-8F6B-4E96-A676-E13DC4CE8C59}.Release|Any CPU.Build.0 = Release|Any CPU
		{E81D5080-FDEE-4654-ABAA-77D8BF244275}.Debug|Any CPU.ActiveCfg = Debug|Any CPU
		{E81D5080-FDEE-4654-ABAA-77D8BF244275}.Debug|Any CPU.Build.0 = Debug|Any CPU
		{E81D5080-FDEE-4654-ABAA-77D8BF244275}.Release|Any CPU.ActiveCfg = Release|Any CPU
		{E81D5080-FDEE-4654-ABAA-77D8BF244275}.Release|Any CPU.Build.0 = Release|Any CPU
		{0D46EA91-13E5-4DD5-BC13-74F5DB20B561}.Debug|Any CPU.ActiveCfg = Debug|Any CPU
		{0D46EA91-13E5-4DD5-BC13-74F5DB20B561}.Debug|Any CPU.Build.0 = Debug|Any CPU
		{0D46EA91-13E5-4DD5-BC13-74F5DB20B561}.Release|Any CPU.ActiveCfg = Release|Any CPU
		{0D46EA91-13E5-4DD5-BC13-74F5DB20B561}.Release|Any CPU.Build.0 = Release|Any CPU
		{4AAFBA2D-B9CB-4FF7-9952-24D81045AEC0}.Debug|Any CPU.ActiveCfg = Debug|Any CPU
		{4AAFBA2D-B9CB-4FF7-9952-24D81045AEC0}.Debug|Any CPU.Build.0 = Debug|Any CPU
		{4AAFBA2D-B9CB-4FF7-9952-24D81045AEC0}.Release|Any CPU.ActiveCfg = Release|Any CPU
		{4AAFBA2D-B9CB-4FF7-9952-24D81045AEC0}.Release|Any CPU.Build.0 = Release|Any CPU
		{7AF61C0B-ADC2-414F-B561-E4BA163D71FA}.Debug|Any CPU.ActiveCfg = Debug|Any CPU
		{7AF61C0B-ADC2-414F-B561-E4BA163D71FA}.Debug|Any CPU.Build.0 = Debug|Any CPU
		{7AF61C0B-ADC2-414F-B561-E4BA163D71FA}.Release|Any CPU.ActiveCfg = Release|Any CPU
		{7AF61C0B-ADC2-414F-B561-E4BA163D71FA}.Release|Any CPU.Build.0 = Release|Any CPU
		{D84D29B7-8000-4DDF-BEEC-70FF71DC3744}.Debug|Any CPU.ActiveCfg = Debug|Any CPU
		{D84D29B7-8000-4DDF-BEEC-70FF71DC3744}.Debug|Any CPU.Build.0 = Debug|Any CPU
		{D84D29B7-8000-4DDF-BEEC-70FF71DC3744}.Release|Any CPU.ActiveCfg = Release|Any CPU
		{D84D29B7-8000-4DDF-BEEC-70FF71DC3744}.Release|Any CPU.Build.0 = Release|Any CPU
		{20932C40-6CEB-48A8-8777-0B4D5BA8F2E3}.Debug|Any CPU.ActiveCfg = Debug|Any CPU
		{20932C40-6CEB-48A8-8777-0B4D5BA8F2E3}.Debug|Any CPU.Build.0 = Debug|Any CPU
		{20932C40-6CEB-48A8-8777-0B4D5BA8F2E3}.Release|Any CPU.ActiveCfg = Release|Any CPU
		{20932C40-6CEB-48A8-8777-0B4D5BA8F2E3}.Release|Any CPU.Build.0 = Release|Any CPU
		{2698D15F-2C67-442D-B0C5-BCAB8DBE67B8}.Debug|Any CPU.ActiveCfg = Debug|Any CPU
		{2698D15F-2C67-442D-B0C5-BCAB8DBE67B8}.Debug|Any CPU.Build.0 = Debug|Any CPU
		{2698D15F-2C67-442D-B0C5-BCAB8DBE67B8}.Release|Any CPU.ActiveCfg = Release|Any CPU
		{2698D15F-2C67-442D-B0C5-BCAB8DBE67B8}.Release|Any CPU.Build.0 = Release|Any CPU
	EndGlobalSection
	GlobalSection(SolutionProperties) = preSolution
		HideSolutionNode = FALSE
	EndGlobalSection
	GlobalSection(NestedProjects) = preSolution
		{D01FAF77-9003-4222-9C71-9C31DE33324C} = {1C8DC44F-2767-4A7B-9052-E3E43AD31B05}
		{766721C7-B9E3-4808-A756-2A88493F4B1A} = {1C8DC44F-2767-4A7B-9052-E3E43AD31B05}
		{9D174DB5-C01C-495D-B05A-CAE153C7B1CA} = {1C8DC44F-2767-4A7B-9052-E3E43AD31B05}
		{08BF8A44-4906-411A-A839-215DAB98D295} = {766721C7-B9E3-4808-A756-2A88493F4B1A}
		{765050E5-8F6B-4E96-A676-E13DC4CE8C59} = {08BF8A44-4906-411A-A839-215DAB98D295}
		{E9D2D3D9-A501-42A4-A21F-68E4BC596955} = {9D174DB5-C01C-495D-B05A-CAE153C7B1CA}
		{A6FC10BB-6264-47F8-8582-1FFDBBBA7846} = {D01FAF77-9003-4222-9C71-9C31DE33324C}
		{E81D5080-FDEE-4654-ABAA-77D8BF244275} = {A6FC10BB-6264-47F8-8582-1FFDBBBA7846}
		{0D46EA91-13E5-4DD5-BC13-74F5DB20B561} = {E9D2D3D9-A501-42A4-A21F-68E4BC596955}
		{C78FEF48-5251-49C9-81DA-CE64520190BD} = {766721C7-B9E3-4808-A756-2A88493F4B1A}
		{7F6D993C-7377-4896-BEBF-E90CA28956F6} = {766721C7-B9E3-4808-A756-2A88493F4B1A}
		{E9C61EE3-D924-463D-8DB8-62BA5D26121C} = {766721C7-B9E3-4808-A756-2A88493F4B1A}
		{C59EE879-E2CB-40A4-BE35-7A17245F9CE7} = {766721C7-B9E3-4808-A756-2A88493F4B1A}
		{AABC1FC8-70CD-47E9-81CC-DE2D2E32569B} = {766721C7-B9E3-4808-A756-2A88493F4B1A}
		{4AAFBA2D-B9CB-4FF7-9952-24D81045AEC0} = {C78FEF48-5251-49C9-81DA-CE64520190BD}
		{7AF61C0B-ADC2-414F-B561-E4BA163D71FA} = {7F6D993C-7377-4896-BEBF-E90CA28956F6}
		{D84D29B7-8000-4DDF-BEEC-70FF71DC3744} = {E9C61EE3-D924-463D-8DB8-62BA5D26121C}
		{20932C40-6CEB-48A8-8777-0B4D5BA8F2E3} = {C59EE879-E2CB-40A4-BE35-7A17245F9CE7}
		{2698D15F-2C67-442D-B0C5-BCAB8DBE67B8} = {AABC1FC8-70CD-47E9-81CC-DE2D2E32569B}
	EndGlobalSection
	GlobalSection(ExtensibilityGlobals) = postSolution
		SolutionGuid = {140D112E-BDCB-4510-B79C-359ABC30F3FB}
	EndGlobalSection
EndGlobal
